// !$*UTF8*$!
{
	archiveVersion = 1;
	classes = {
	};
	objectVersion = 46;
	objects = {

/* Begin PBXBuildFile section */
		C91E19A01C6BCB260054999E /* AppDelegate.swift in Sources */ = {isa = PBXBuildFile; fileRef = C91E199F1C6BCB260054999E /* AppDelegate.swift */; };
		C91E19A21C6BCB260054999E /* ViewController.swift in Sources */ = {isa = PBXBuildFile; fileRef = C91E19A11C6BCB260054999E /* ViewController.swift */; };
		C91E19A51C6BCB260054999E /* Main.storyboard in Resources */ = {isa = PBXBuildFile; fileRef = C91E19A31C6BCB260054999E /* Main.storyboard */; };
		C91E19A71C6BCB260054999E /* Assets.xcassets in Resources */ = {isa = PBXBuildFile; fileRef = C91E19A61C6BCB260054999E /* Assets.xcassets */; };
		C91E19AA1C6BCB260054999E /* LaunchScreen.storyboard in Resources */ = {isa = PBXBuildFile; fileRef = C91E19A81C6BCB260054999E /* LaunchScreen.storyboard */; };
/* End PBXBuildFile section */

/* Begin PBXFileReference section */
		C91E199C1C6BCB260054999E /* BrowserChat.app */ = {isa = PBXFileReference; explicitFileType = wrapper.application; includeInIndex = 0; path = BrowserChat.app; sourceTree = BUILT_PRODUCTS_DIR; };
		C91E199F1C6BCB260054999E /* AppDelegate.swift */ = {isa = PBXFileReference; lastKnownFileType = sourcecode.swift; path = AppDelegate.swift; sourceTree = "<group>"; };
		C91E19A11C6BCB260054999E /* ViewController.swift */ = {isa = PBXFileReference; lastKnownFileType = sourcecode.swift; path = ViewController.swift; sourceTree = "<group>"; };
		C91E19A41C6BCB260054999E /* Base */ = {isa = PBXFileReference; lastKnownFileType = file.storyboard; name = Base; path = Base.lproj/Main.storyboard; sourceTree = "<group>"; };
		C91E19A61C6BCB260054999E /* Assets.xcassets */ = {isa = PBXFileReference; lastKnownFileType = folder.assetcatalog; path = Assets.xcassets; sourceTree = "<group>"; };
		C91E19A91C6BCB260054999E /* Base */ = {isa = PBXFileReference; lastKnownFileType = file.storyboard; name = Base; path = Base.lproj/LaunchScreen.storyboard; sourceTree = "<group>"; };
		C91E19AB1C6BCB260054999E /* Info.plist */ = {isa = PBXFileReference; lastKnownFileType = text.plist.xml; path = Info.plist; sourceTree = "<group>"; };
/* End PBXFileReference section */

/* Begin PBXFrameworksBuildPhase section */
		C91E19991C6BCB260054999E /* Frameworks */ = {
			isa = PBXFrameworksBuildPhase;
			buildActionMask = 2147483647;
			files = (
			);
			runOnlyForDeploymentPostprocessing = 0;
		};
/* End PBXFrameworksBuildPhase section */

/* Begin PBXGroup section */
		C91E19931C6BCB260054999E = {
			isa = PBXGroup;
			children = (
				C91E199E1C6BCB260054999E /* BrowserChat */,
				C91E199D1C6BCB260054999E /* Products */,
			);
			sourceTree = "<group>";
		};
		C91E199D1C6BCB260054999E /* Products */ = {
			isa = PBXGroup;
			children = (
				C91E199C1C6BCB260054999E /* BrowserChat.app */,
			);
			name = Products;
			sourceTree = "<group>";
		};
		C91E199E1C6BCB260054999E /* BrowserChat */ = {
			isa = PBXGroup;
			children = (
				C91E199F1C6BCB260054999E /* AppDelegate.swift */,
				C91E19A11C6BCB260054999E /* ViewController.swift */,
				C91E19A31C6BCB260054999E /* Main.storyboard */,
				C91E19A61C6BCB260054999E /* Assets.xcassets */,
				C91E19A81C6BCB260054999E /* LaunchScreen.storyboard */,
				C91E19AB1C6BCB260054999E /* Info.plist */,
			);
			path = BrowserChat;
			sourceTree = "<group>";
		};
/* End PBXGroup section */

/* Begin PBXNativeTarget section */
		C91E199B1C6BCB260054999E /* BrowserChat */ = {
			isa = PBXNativeTarget;
			buildConfigurationList = C91E19AE1C6BCB260054999E /* Build configuration list for PBXNativeTarget "BrowserChat" */;
			buildPhases = (
				C91E19981C6BCB260054999E /* Sources */,
				C91E19991C6BCB260054999E /* Frameworks */,
				C91E199A1C6BCB260054999E /* Resources */,
			);
			buildRules = (
			);
			dependencies = (
			);
			name = BrowserChat;
			productName = BrowserChat;
			productReference = C91E199C1C6BCB260054999E /* BrowserChat.app */;
			productType = "com.apple.product-type.application";
		};
/* End PBXNativeTarget section */

/* Begin PBXProject section */
		C91E19941C6BCB260054999E /* Project object */ = {
			isa = PBXProject;
			attributes = {
				LastSwiftUpdateCheck = 0720;
				LastUpgradeCheck = 0720;
				ORGANIZATIONNAME = "Matthew Makai";
				TargetAttributes = {
					C91E199B1C6BCB260054999E = {
						CreatedOnToolsVersion = 7.2;
						DevelopmentTeam = 353PPRPS86;
						SystemCapabilities = {
							com.apple.BackgroundModes = {
								enabled = 1;
							};
							com.apple.Maps.iOS = {
								enabled = 0;
							};
							com.apple.Push = {
								enabled = 1;
							};
						};
					};
				};
			};
			buildConfigurationList = C91E19971C6BCB260054999E /* Build configuration list for PBXProject "BrowserChat" */;
			compatibilityVersion = "Xcode 3.2";
			developmentRegion = English;
			hasScannedForEncodings = 0;
			knownRegions = (
				en,
				Base,
			);
			mainGroup = C91E19931C6BCB260054999E;
			productRefGroup = C91E199D1C6BCB260054999E /* Products */;
			projectDirPath = "";
			projectRoot = "";
			targets = (
				C91E199B1C6BCB260054999E /* BrowserChat */,
			);
		};
/* End PBXProject section */

/* Begin PBXResourcesBuildPhase section */
		C91E199A1C6BCB260054999E /* Resources */ = {
			isa = PBXResourcesBuildPhase;
			buildActionMask = 2147483647;
			files = (
				C91E19AA1C6BCB260054999E /* LaunchScreen.storyboard in Resources */,
				C91E19A71C6BCB260054999E /* Assets.xcassets in Resources */,
				C91E19A51C6BCB260054999E /* Main.storyboard in Resources */,
			);
			runOnlyForDeploymentPostprocessing = 0;
		};
/* End PBXResourcesBuildPhase section */

/* Begin PBXSourcesBuildPhase section */
		C91E19981C6BCB260054999E /* Sources */ = {
			isa = PBXSourcesBuildPhase;
			buildActionMask = 2147483647;
			files = (
				C91E19A21C6BCB260054999E /* ViewController.swift in Sources */,
				C91E19A01C6BCB260054999E /* AppDelegate.swift in Sources */,
			);
			runOnlyForDeploymentPostprocessing = 0;
		};
/* End PBXSourcesBuildPhase section */

/* Begin PBXVariantGroup section */
		C91E19A31C6BCB260054999E /* Main.storyboard */ = {
			isa = PBXVariantGroup;
			children = (
				C91E19A41C6BCB260054999E /* Base */,
			);
			name = Main.storyboard;
			sourceTree = "<group>";
		};
		C91E19A81C6BCB260054999E /* LaunchScreen.storyboard */ = {
			isa = PBXVariantGroup;
			children = (
				C91E19A91C6BCB260054999E /* Base */,
			);
			name = LaunchScreen.storyboard;
			sourceTree = "<group>";
		};
/* End PBXVariantGroup section */

/* Begin XCBuildConfiguration section */
		C91E19AC1C6BCB260054999E /* Debug */ = {
			isa = XCBuildConfiguration;
			buildSettings = {
				ALWAYS_SEARCH_USER_PATHS = NO;
				CLANG_CXX_LANGUAGE_STANDARD = "gnu++0x";
				CLANG_CXX_LIBRARY = "libc++";
				CLANG_ENABLE_MODULES = YES;
				CLANG_ENABLE_OBJC_ARC = YES;
				CLANG_WARN_BOOL_CONVERSION = YES;
				CLANG_WARN_CONSTANT_CONVERSION = YES;
				CLANG_WARN_DIRECT_OBJC_ISA_USAGE = YES_ERROR;
				CLANG_WARN_EMPTY_BODY = YES;
				CLANG_WARN_ENUM_CONVERSION = YES;
				CLANG_WARN_INT_CONVERSION = YES;
				CLANG_WARN_OBJC_ROOT_CLASS = YES_ERROR;
				CLANG_WARN_UNREACHABLE_CODE = YES;
				CLANG_WARN__DUPLICATE_METHOD_MATCH = YES;
				"CODE_SIGN_IDENTITY[sdk=iphoneos*]" = "iPhone Developer";
				COPY_PHASE_STRIP = NO;
				DEBUG_INFORMATION_FORMAT = dwarf;
				ENABLE_STRICT_OBJC_MSGSEND = YES;
				ENABLE_TESTABILITY = YES;
				GCC_C_LANGUAGE_STANDARD = gnu99;
				GCC_DYNAMIC_NO_PIC = NO;
				GCC_NO_COMMON_BLOCKS = YES;
				GCC_OPTIMIZATION_LEVEL = 0;
				GCC_PREPROCESSOR_DEFINITIONS = (
					"DEBUG=1",
					"$(inherited)",
				);
				GCC_WARN_64_TO_32_BIT_CONVERSION = YES;
				GCC_WARN_ABOUT_RETURN_TYPE = YES_ERROR;
				GCC_WARN_UNDECLARED_SELECTOR = YES;
				GCC_WARN_UNINITIALIZED_AUTOS = YES_AGGRESSIVE;
				GCC_WARN_UNUSED_FUNCTION = YES;
				GCC_WARN_UNUSED_VARIABLE = YES;
				IPHONEOS_DEPLOYMENT_TARGET = 9.2;
				MTL_ENABLE_DEBUG_INFO = YES;
				ONLY_ACTIVE_ARCH = YES;
				SDKROOT = iphoneos;
				SWIFT_OPTIMIZATION_LEVEL = "-Onone";
			};
			name = Debug;
		};
		C91E19AD1C6BCB260054999E /* Release */ = {
			isa = XCBuildConfiguration;
			buildSettings = {
				ALWAYS_SEARCH_USER_PATHS = NO;
				CLANG_CXX_LANGUAGE_STANDARD = "gnu++0x";
				CLANG_CXX_LIBRARY = "libc++";
				CLANG_ENABLE_MODULES = YES;
				CLANG_ENABLE_OBJC_ARC = YES;
				CLANG_WARN_BOOL_CONVERSION = YES;
				CLANG_WARN_CONSTANT_CONVERSION = YES;
				CLANG_WARN_DIRECT_OBJC_ISA_USAGE = YES_ERROR;
				CLANG_WARN_EMPTY_BODY = YES;
				CLANG_WARN_ENUM_CONVERSION = YES;
				CLANG_WARN_INT_CONVERSION = YES;
				CLANG_WARN_OBJC_ROOT_CLASS = YES_ERROR;
				CLANG_WARN_UNREACHABLE_CODE = YES;
				CLANG_WARN__DUPLICATE_METHOD_MATCH = YES;
				"CODE_SIGN_IDENTITY[sdk=iphoneos*]" = "iPhone Developer";
				COPY_PHASE_STRIP = NO;
				DEBUG_INFORMATION_FORMAT = "dwarf-with-dsym";
				ENABLE_NS_ASSERTIONS = NO;
				ENABLE_STRICT_OBJC_MSGSEND = YES;
				GCC_C_LANGUAGE_STANDARD = gnu99;
				GCC_NO_COMMON_BLOCKS = YES;
				GCC_WARN_64_TO_32_BIT_CONVERSION = YES;
				GCC_WARN_ABOUT_RETURN_TYPE = YES_ERROR;
				GCC_WARN_UNDECLARED_SELECTOR = YES;
				GCC_WARN_UNINITIALIZED_AUTOS = YES_AGGRESSIVE;
				GCC_WARN_UNUSED_FUNCTION = YES;
				GCC_WARN_UNUSED_VARIABLE = YES;
				IPHONEOS_DEPLOYMENT_TARGET = 9.2;
				MTL_ENABLE_DEBUG_INFO = NO;
				SDKROOT = iphoneos;
				VALIDATE_PRODUCT = YES;
			};
			name = Release;
		};
		C91E19AF1C6BCB260054999E /* Debug */ = {
			isa = XCBuildConfiguration;
			buildSettings = {
				ASSETCATALOG_COMPILER_APPICON_NAME = AppIcon;
				CODE_SIGN_IDENTITY = "iPhone Developer";
				"CODE_SIGN_IDENTITY[sdk=iphoneos*]" = "iPhone Developer";
				INFOPLIST_FILE = BrowserChat/Info.plist;
				LD_RUNPATH_SEARCH_PATHS = "$(inherited) @executable_path/Frameworks";
				PRODUCT_BUNDLE_IDENTIFIER = com.twilio.BrowserChat;
				PRODUCT_NAME = "$(TARGET_NAME)";
				PROVISIONING_PROFILE = "";
				TARGETED_DEVICE_FAMILY = "1,2";
			};
			name = Debug;
		};
		C91E19B01C6BCB260054999E /* Release */ = {
			isa = XCBuildConfiguration;
			buildSettings = {
				ASSETCATALOG_COMPILER_APPICON_NAME = AppIcon;
				CODE_SIGN_IDENTITY = "iPhone Developer";
				"CODE_SIGN_IDENTITY[sdk=iphoneos*]" = "iPhone Developer";
				INFOPLIST_FILE = BrowserChat/Info.plist;
				LD_RUNPATH_SEARCH_PATHS = "$(inherited) @executable_path/Frameworks";
				PRODUCT_BUNDLE_IDENTIFIER = com.twilio.BrowserChat;
				PRODUCT_NAME = "$(TARGET_NAME)";
				PROVISIONING_PROFILE = "";
				TARGETED_DEVICE_FAMILY = "1,2";
			};
			name = Release;
		};
/* End XCBuildConfiguration section */

/* Begin XCConfigurationList section */
		C91E19971C6BCB260054999E /* Build configuration list for PBXProject "BrowserChat" */ = {
			isa = XCConfigurationList;
			buildConfigurations = (
				C91E19AC1C6BCB260054999E /* Debug */,
				C91E19AD1C6BCB260054999E /* Release */,
			);
			defaultConfigurationIsVisible = 0;
			defaultConfigurationName = Release;
		};
		C91E19AE1C6BCB260054999E /* Build configuration list for PBXNativeTarget "BrowserChat" */ = {
			isa = XCConfigurationList;
			buildConfigurations = (
				C91E19AF1C6BCB260054999E /* Debug */,
				C91E19B01C6BCB260054999E /* Release */,
			);
			defaultConfigurationIsVisible = 0;
			defaultConfigurationName = Release;
		};
/* End XCConfigurationList section */
	};
	rootObject = C91E19941C6BCB260054999E /* Project object */;
}
